// !$*UTF8*$!
{
	archiveVersion = 1;
	classes = {
	};
	objectVersion = 51;
	objects = {

/* Begin PBXBuildFile section */
		50CF8CC48160CA6D5B442FBC /* Pods_Instagram.framework in Frameworks */ = {isa = PBXBuildFile; fileRef = 763C5FC8CBE35CD53EFE6E5C /* Pods_Instagram.framework */; };
		63018B9425622A9300DCA132 /* LoginViewController.swift in Sources */ = {isa = PBXBuildFile; fileRef = 63018B9325622A9300DCA132 /* LoginViewController.swift */; };
		63018B9925622A9E00DCA132 /* FeedViewController.swift in Sources */ = {isa = PBXBuildFile; fileRef = 63018B9825622A9E00DCA132 /* FeedViewController.swift */; };
		63018BA12562616400DCA132 /* CameraViewController.swift in Sources */ = {isa = PBXBuildFile; fileRef = 63018BA02562616400DCA132 /* CameraViewController.swift */; };
		63018BB1256273C900DCA132 /* PostCell.swift in Sources */ = {isa = PBXBuildFile; fileRef = 63018BB0256273C900DCA132 /* PostCell.swift */; };
		63BA5D87256216280048F749 /* AppDelegate.swift in Sources */ = {isa = PBXBuildFile; fileRef = 63BA5D86256216280048F749 /* AppDelegate.swift */; };
		63BA5D89256216280048F749 /* SceneDelegate.swift in Sources */ = {isa = PBXBuildFile; fileRef = 63BA5D88256216280048F749 /* SceneDelegate.swift */; };
		63BA5D8E256216280048F749 /* Main.storyboard in Resources */ = {isa = PBXBuildFile; fileRef = 63BA5D8C256216280048F749 /* Main.storyboard */; };
		63BA5D90256216290048F749 /* Assets.xcassets in Resources */ = {isa = PBXBuildFile; fileRef = 63BA5D8F256216290048F749 /* Assets.xcassets */; };
		63BA5D93256216290048F749 /* LaunchScreen.storyboard in Resources */ = {isa = PBXBuildFile; fileRef = 63BA5D91256216290048F749 /* LaunchScreen.storyboard */; };
		63BA5D9E256216290048F749 /* Parstagram_CodePathTests.swift in Sources */ = {isa = PBXBuildFile; fileRef = 63BA5D9D256216290048F749 /* Parstagram_CodePathTests.swift */; };
		63BA5DA9256216290048F749 /* Parstagram_CodePathUITests.swift in Sources */ = {isa = PBXBuildFile; fileRef = 63BA5DA8256216290048F749 /* Parstagram_CodePathUITests.swift */; };
		63C440C3256B9EED00CBE75A /* CommentCell.swift in Sources */ = {isa = PBXBuildFile; fileRef = 63C440C2256B9EED00CBE75A /* CommentCell.swift */; };
		8E68E60DB2828CE9DA015967 /* Pods_Instagram_InstagramUITests.framework in Frameworks */ = {isa = PBXBuildFile; fileRef = 607E292120238AE001366C0C /* Pods_Instagram_InstagramUITests.framework */; };
		B3049AA5B1C29BF98F4A1108 /* Pods_InstagramTests.framework in Frameworks */ = {isa = PBXBuildFile; fileRef = 8CF4358B28A6197DF0DF06F7 /* Pods_InstagramTests.framework */; };
/* End PBXBuildFile section */

/* Begin PBXContainerItemProxy section */
		63BA5D9A256216290048F749 /* PBXContainerItemProxy */ = {
			isa = PBXContainerItemProxy;
			containerPortal = 63BA5D7B256216280048F749 /* Project object */;
			proxyType = 1;
			remoteGlobalIDString = 63BA5D82256216280048F749;
			remoteInfo = "Parstagram-CodePath";
		};
		63BA5DA5256216290048F749 /* PBXContainerItemProxy */ = {
			isa = PBXContainerItemProxy;
			containerPortal = 63BA5D7B256216280048F749 /* Project object */;
			proxyType = 1;
			remoteGlobalIDString = 63BA5D82256216280048F749;
			remoteInfo = "Parstagram-CodePath";
		};
/* End PBXContainerItemProxy section */

/* Begin PBXFileReference section */
		108162741E53F1D5464FFBC5 /* Pods-Instagram.release.xcconfig */ = {isa = PBXFileReference; includeInIndex = 1; lastKnownFileType = text.xcconfig; name = "Pods-Instagram.release.xcconfig"; path = "Target Support Files/Pods-Instagram/Pods-Instagram.release.xcconfig"; sourceTree = "<group>"; };
		3D2F2D36E93ECB01160268A1 /* Pods-InstagramTests.release.xcconfig */ = {isa = PBXFileReference; includeInIndex = 1; lastKnownFileType = text.xcconfig; name = "Pods-InstagramTests.release.xcconfig"; path = "Target Support Files/Pods-InstagramTests/Pods-InstagramTests.release.xcconfig"; sourceTree = "<group>"; };
		607E292120238AE001366C0C /* Pods_Instagram_InstagramUITests.framework */ = {isa = PBXFileReference; explicitFileType = wrapper.framework; includeInIndex = 0; path = Pods_Instagram_InstagramUITests.framework; sourceTree = BUILT_PRODUCTS_DIR; };
		63018B9325622A9300DCA132 /* LoginViewController.swift */ = {isa = PBXFileReference; lastKnownFileType = sourcecode.swift; path = LoginViewController.swift; sourceTree = "<group>"; };
		63018B9825622A9E00DCA132 /* FeedViewController.swift */ = {isa = PBXFileReference; lastKnownFileType = sourcecode.swift; path = FeedViewController.swift; sourceTree = "<group>"; };
		63018BA02562616400DCA132 /* CameraViewController.swift */ = {isa = PBXFileReference; lastKnownFileType = sourcecode.swift; path = CameraViewController.swift; sourceTree = "<group>"; };
		63018BB0256273C900DCA132 /* PostCell.swift */ = {isa = PBXFileReference; lastKnownFileType = sourcecode.swift; path = PostCell.swift; sourceTree = "<group>"; };
		63BA5D83256216280048F749 /* Instagram.app */ = {isa = PBXFileReference; explicitFileType = wrapper.application; includeInIndex = 0; path = Instagram.app; sourceTree = BUILT_PRODUCTS_DIR; };
		63BA5D86256216280048F749 /* AppDelegate.swift */ = {isa = PBXFileReference; lastKnownFileType = sourcecode.swift; path = AppDelegate.swift; sourceTree = "<group>"; };
		63BA5D88256216280048F749 /* SceneDelegate.swift */ = {isa = PBXFileReference; lastKnownFileType = sourcecode.swift; path = SceneDelegate.swift; sourceTree = "<group>"; };
		63BA5D8D256216280048F749 /* Base */ = {isa = PBXFileReference; lastKnownFileType = file.storyboard; name = Base; path = Base.lproj/Main.storyboard; sourceTree = "<group>"; };
		63BA5D8F256216290048F749 /* Assets.xcassets */ = {isa = PBXFileReference; lastKnownFileType = folder.assetcatalog; path = Assets.xcassets; sourceTree = "<group>"; };
		63BA5D92256216290048F749 /* Base */ = {isa = PBXFileReference; lastKnownFileType = file.storyboard; name = Base; path = Base.lproj/LaunchScreen.storyboard; sourceTree = "<group>"; };
		63BA5D94256216290048F749 /* Info.plist */ = {isa = PBXFileReference; lastKnownFileType = text.plist.xml; path = Info.plist; sourceTree = "<group>"; };
		63BA5D99256216290048F749 /* InstagramTests.xctest */ = {isa = PBXFileReference; explicitFileType = wrapper.cfbundle; includeInIndex = 0; path = InstagramTests.xctest; sourceTree = BUILT_PRODUCTS_DIR; };
		63BA5D9D256216290048F749 /* Parstagram_CodePathTests.swift */ = {isa = PBXFileReference; lastKnownFileType = sourcecode.swift; path = Parstagram_CodePathTests.swift; sourceTree = "<group>"; };
		63BA5D9F256216290048F749 /* Info.plist */ = {isa = PBXFileReference; lastKnownFileType = text.plist.xml; path = Info.plist; sourceTree = "<group>"; };
		63BA5DA4256216290048F749 /* InstagramUITests.xctest */ = {isa = PBXFileReference; explicitFileType = wrapper.cfbundle; includeInIndex = 0; path = InstagramUITests.xctest; sourceTree = BUILT_PRODUCTS_DIR; };
		63BA5DA8256216290048F749 /* Parstagram_CodePathUITests.swift */ = {isa = PBXFileReference; lastKnownFileType = sourcecode.swift; path = Parstagram_CodePathUITests.swift; sourceTree = "<group>"; };
		63BA5DAA256216290048F749 /* Info.plist */ = {isa = PBXFileReference; lastKnownFileType = text.plist.xml; path = Info.plist; sourceTree = "<group>"; };
		63C440C2256B9EED00CBE75A /* CommentCell.swift */ = {isa = PBXFileReference; lastKnownFileType = sourcecode.swift; path = CommentCell.swift; sourceTree = "<group>"; };
		763C5FC8CBE35CD53EFE6E5C /* Pods_Instagram.framework */ = {isa = PBXFileReference; explicitFileType = wrapper.framework; includeInIndex = 0; path = Pods_Instagram.framework; sourceTree = BUILT_PRODUCTS_DIR; };
		8CF4358B28A6197DF0DF06F7 /* Pods_InstagramTests.framework */ = {isa = PBXFileReference; explicitFileType = wrapper.framework; includeInIndex = 0; path = Pods_InstagramTests.framework; sourceTree = BUILT_PRODUCTS_DIR; };
		D0A739D6A22C1239D1C7E346 /* Pods-Instagram-InstagramUITests.debug.xcconfig */ = {isa = PBXFileReference; includeInIndex = 1; lastKnownFileType = text.xcconfig; name = "Pods-Instagram-InstagramUITests.debug.xcconfig"; path = "Target Support Files/Pods-Instagram-InstagramUITests/Pods-Instagram-InstagramUITests.debug.xcconfig"; sourceTree = "<group>"; };
		D9AB413FED16841B18C40063 /* Pods-InstagramTests.debug.xcconfig */ = {isa = PBXFileReference; includeInIndex = 1; lastKnownFileType = text.xcconfig; name = "Pods-InstagramTests.debug.xcconfig"; path = "Target Support Files/Pods-InstagramTests/Pods-InstagramTests.debug.xcconfig"; sourceTree = "<group>"; };
		E291168170BA067CC3B6B0C4 /* Pods-Instagram.debug.xcconfig */ = {isa = PBXFileReference; includeInIndex = 1; lastKnownFileType = text.xcconfig; name = "Pods-Instagram.debug.xcconfig"; path = "Target Support Files/Pods-Instagram/Pods-Instagram.debug.xcconfig"; sourceTree = "<group>"; };
		FA66F4C21BBEE380F81323F9 /* Pods-Instagram-InstagramUITests.release.xcconfig */ = {isa = PBXFileReference; includeInIndex = 1; lastKnownFileType = text.xcconfig; name = "Pods-Instagram-InstagramUITests.release.xcconfig"; path = "Target Support Files/Pods-Instagram-InstagramUITests/Pods-Instagram-InstagramUITests.release.xcconfig"; sourceTree = "<group>"; };
/* End PBXFileReference section */

/* Begin PBXFrameworksBuildPhase section */
		63BA5D80256216280048F749 /* Frameworks */ = {
			isa = PBXFrameworksBuildPhase;
			buildActionMask = 2147483647;
			files = (
				50CF8CC48160CA6D5B442FBC /* Pods_Instagram.framework in Frameworks */,
			);
			runOnlyForDeploymentPostprocessing = 0;
		};
		63BA5D96256216290048F749 /* Frameworks */ = {
			isa = PBXFrameworksBuildPhase;
			buildActionMask = 2147483647;
			files = (
				B3049AA5B1C29BF98F4A1108 /* Pods_InstagramTests.framework in Frameworks */,
			);
			runOnlyForDeploymentPostprocessing = 0;
		};
		63BA5DA1256216290048F749 /* Frameworks */ = {
			isa = PBXFrameworksBuildPhase;
			buildActionMask = 2147483647;
			files = (
				8E68E60DB2828CE9DA015967 /* Pods_Instagram_InstagramUITests.framework in Frameworks */,
			);
			runOnlyForDeploymentPostprocessing = 0;
		};
/* End PBXFrameworksBuildPhase section */

/* Begin PBXGroup section */
		63BA5D7A256216280048F749 = {
			isa = PBXGroup;
			children = (
				63BA5D85256216280048F749 /* Instagram */,
				63BA5D9C256216290048F749 /* InstagramTests */,
				63BA5DA7256216290048F749 /* InstagramUITests */,
				63BA5D84256216280048F749 /* Products */,
				79D2F0BBD8C14196493CABFF /* Pods */,
				E6AA5D8FA0054B0AC7E4387B /* Frameworks */,
			);
			sourceTree = "<group>";
		};
		63BA5D84256216280048F749 /* Products */ = {
			isa = PBXGroup;
			children = (
				63BA5D83256216280048F749 /* Instagram.app */,
				63BA5D99256216290048F749 /* InstagramTests.xctest */,
				63BA5DA4256216290048F749 /* InstagramUITests.xctest */,
			);
			name = Products;
			sourceTree = "<group>";
		};
		63BA5D85256216280048F749 /* Instagram */ = {
			isa = PBXGroup;
			children = (
				63BA5D86256216280048F749 /* AppDelegate.swift */,
				63BA5D88256216280048F749 /* SceneDelegate.swift */,
				63BA5D8C256216280048F749 /* Main.storyboard */,
				63BA5D8F256216290048F749 /* Assets.xcassets */,
				63BA5D91256216290048F749 /* LaunchScreen.storyboard */,
				63BA5D94256216290048F749 /* Info.plist */,
				63018B9325622A9300DCA132 /* LoginViewController.swift */,
				63018B9825622A9E00DCA132 /* FeedViewController.swift */,
				63018BA02562616400DCA132 /* CameraViewController.swift */,
				63018BB0256273C900DCA132 /* PostCell.swift */,
				63C440C2256B9EED00CBE75A /* CommentCell.swift */,
			);
			path = Instagram;
			sourceTree = "<group>";
		};
		63BA5D9C256216290048F749 /* InstagramTests */ = {
			isa = PBXGroup;
			children = (
				63BA5D9D256216290048F749 /* Parstagram_CodePathTests.swift */,
				63BA5D9F256216290048F749 /* Info.plist */,
			);
			path = InstagramTests;
			sourceTree = "<group>";
		};
		63BA5DA7256216290048F749 /* InstagramUITests */ = {
			isa = PBXGroup;
			children = (
				63BA5DA8256216290048F749 /* Parstagram_CodePathUITests.swift */,
				63BA5DAA256216290048F749 /* Info.plist */,
			);
			path = InstagramUITests;
			sourceTree = "<group>";
		};
		79D2F0BBD8C14196493CABFF /* Pods */ = {
			isa = PBXGroup;
			children = (
				E291168170BA067CC3B6B0C4 /* Pods-Instagram.debug.xcconfig */,
				108162741E53F1D5464FFBC5 /* Pods-Instagram.release.xcconfig */,
				D0A739D6A22C1239D1C7E346 /* Pods-Instagram-InstagramUITests.debug.xcconfig */,
				FA66F4C21BBEE380F81323F9 /* Pods-Instagram-InstagramUITests.release.xcconfig */,
				D9AB413FED16841B18C40063 /* Pods-InstagramTests.debug.xcconfig */,
				3D2F2D36E93ECB01160268A1 /* Pods-InstagramTests.release.xcconfig */,
			);
			path = Pods;
			sourceTree = "<group>";
		};
		E6AA5D8FA0054B0AC7E4387B /* Frameworks */ = {
			isa = PBXGroup;
			children = (
				763C5FC8CBE35CD53EFE6E5C /* Pods_Instagram.framework */,
				607E292120238AE001366C0C /* Pods_Instagram_InstagramUITests.framework */,
				8CF4358B28A6197DF0DF06F7 /* Pods_InstagramTests.framework */,
			);
			name = Frameworks;
			sourceTree = "<group>";
		};
/* End PBXGroup section */

/* Begin PBXNativeTarget section */
		63BA5D82256216280048F749 /* Instagram */ = {
			isa = PBXNativeTarget;
			buildConfigurationList = 63BA5DAD256216290048F749 /* Build configuration list for PBXNativeTarget "Instagram" */;
			buildPhases = (
				DB05D1B65D67DF51D88B1B5F /* [CP] Check Pods Manifest.lock */,
				63BA5D7F256216280048F749 /* Sources */,
				63BA5D80256216280048F749 /* Frameworks */,
				63BA5D81256216280048F749 /* Resources */,
				3BEDF8586A1F7A194A4EC9A6 /* [CP] Embed Pods Frameworks */,
			);
			buildRules = (
			);
			dependencies = (
			);
			name = Instagram;
			productName = "Parstagram-CodePath";
			productReference = 63BA5D83256216280048F749 /* Instagram.app */;
			productType = "com.apple.product-type.application";
		};
		63BA5D98256216290048F749 /* InstagramTests */ = {
			isa = PBXNativeTarget;
			buildConfigurationList = 63BA5DB0256216290048F749 /* Build configuration list for PBXNativeTarget "InstagramTests" */;
			buildPhases = (
				C871D2189F77A63E2A6B7379 /* [CP] Check Pods Manifest.lock */,
				63BA5D95256216290048F749 /* Sources */,
				63BA5D96256216290048F749 /* Frameworks */,
				63BA5D97256216290048F749 /* Resources */,
			);
			buildRules = (
			);
			dependencies = (
				63BA5D9B256216290048F749 /* PBXTargetDependency */,
			);
			name = InstagramTests;
			productName = "Parstagram-CodePathTests";
			productReference = 63BA5D99256216290048F749 /* InstagramTests.xctest */;
			productType = "com.apple.product-type.bundle.unit-test";
		};
		63BA5DA3256216290048F749 /* InstagramUITests */ = {
			isa = PBXNativeTarget;
			buildConfigurationList = 63BA5DB3256216290048F749 /* Build configuration list for PBXNativeTarget "InstagramUITests" */;
			buildPhases = (
				0A1835BFF9410FC97C83E849 /* [CP] Check Pods Manifest.lock */,
				63BA5DA0256216290048F749 /* Sources */,
				63BA5DA1256216290048F749 /* Frameworks */,
				63BA5DA2256216290048F749 /* Resources */,
				503930ABD39B957C29AA29DE /* [CP] Embed Pods Frameworks */,
			);
			buildRules = (
			);
			dependencies = (
				63BA5DA6256216290048F749 /* PBXTargetDependency */,
			);
			name = InstagramUITests;
			productName = "Parstagram-CodePathUITests";
			productReference = 63BA5DA4256216290048F749 /* InstagramUITests.xctest */;
			productType = "com.apple.product-type.bundle.ui-testing";
		};
/* End PBXNativeTarget section */

/* Begin PBXProject section */
		63BA5D7B256216280048F749 /* Project object */ = {
			isa = PBXProject;
			attributes = {
				LastSwiftUpdateCheck = 1220;
				LastUpgradeCheck = 1220;
				TargetAttributes = {
					63BA5D82256216280048F749 = {
						CreatedOnToolsVersion = 12.2;
					};
					63BA5D98256216290048F749 = {
						CreatedOnToolsVersion = 12.2;
						TestTargetID = 63BA5D82256216280048F749;
					};
					63BA5DA3256216290048F749 = {
						CreatedOnToolsVersion = 12.2;
						TestTargetID = 63BA5D82256216280048F749;
					};
				};
			};
			buildConfigurationList = 63BA5D7E256216280048F749 /* Build configuration list for PBXProject "Instagram" */;
			compatibilityVersion = "Xcode 9.3";
			developmentRegion = en;
			hasScannedForEncodings = 0;
			knownRegions = (
				en,
				Base,
			);
			mainGroup = 63BA5D7A256216280048F749;
			productRefGroup = 63BA5D84256216280048F749 /* Products */;
			projectDirPath = "";
			projectRoot = "";
			targets = (
				63BA5D82256216280048F749 /* Instagram */,
				63BA5D98256216290048F749 /* InstagramTests */,
				63BA5DA3256216290048F749 /* InstagramUITests */,
			);
		};
/* End PBXProject section */

/* Begin PBXResourcesBuildPhase section */
		63BA5D81256216280048F749 /* Resources */ = {
			isa = PBXResourcesBuildPhase;
			buildActionMask = 2147483647;
			files = (
				63BA5D93256216290048F749 /* LaunchScreen.storyboard in Resources */,
				63BA5D90256216290048F749 /* Assets.xcassets in Resources */,
				63BA5D8E256216280048F749 /* Main.storyboard in Resources */,
			);
			runOnlyForDeploymentPostprocessing = 0;
		};
		63BA5D97256216290048F749 /* Resources */ = {
			isa = PBXResourcesBuildPhase;
			buildActionMask = 2147483647;
			files = (
			);
			runOnlyForDeploymentPostprocessing = 0;
		};
		63BA5DA2256216290048F749 /* Resources */ = {
			isa = PBXResourcesBuildPhase;
			buildActionMask = 2147483647;
			files = (
			);
			runOnlyForDeploymentPostprocessing = 0;
		};
/* End PBXResourcesBuildPhase section */

/* Begin PBXShellScriptBuildPhase section */
		0A1835BFF9410FC97C83E849 /* [CP] Check Pods Manifest.lock */ = {
			isa = PBXShellScriptBuildPhase;
			buildActionMask = 2147483647;
			files = (
			);
			inputFileListPaths = (
			);
			inputPaths = (
				"${PODS_PODFILE_DIR_PATH}/Podfile.lock",
				"${PODS_ROOT}/Manifest.lock",
			);
			name = "[CP] Check Pods Manifest.lock";
			outputFileListPaths = (
			);
			outputPaths = (
				"$(DERIVED_FILE_DIR)/Pods-Instagram-InstagramUITests-checkManifestLockResult.txt",
			);
			runOnlyForDeploymentPostprocessing = 0;
			shellPath = /bin/sh;
			shellScript = "diff \"${PODS_PODFILE_DIR_PATH}/Podfile.lock\" \"${PODS_ROOT}/Manifest.lock\" > /dev/null\nif [ $? != 0 ] ; then\n    # print error to STDERR\n    echo \"error: The sandbox is not in sync with the Podfile.lock. Run 'pod install' or update your CocoaPods installation.\" >&2\n    exit 1\nfi\n# This output is used by Xcode 'outputs' to avoid re-running this script phase.\necho \"SUCCESS\" > \"${SCRIPT_OUTPUT_FILE_0}\"\n";
			showEnvVarsInLog = 0;
		};
		3BEDF8586A1F7A194A4EC9A6 /* [CP] Embed Pods Frameworks */ = {
			isa = PBXShellScriptBuildPhase;
			buildActionMask = 2147483647;
			files = (
			);
			inputFileListPaths = (
				"${PODS_ROOT}/Target Support Files/Pods-Instagram/Pods-Instagram-frameworks-${CONFIGURATION}-input-files.xcfilelist",
			);
			name = "[CP] Embed Pods Frameworks";
			outputFileListPaths = (
				"${PODS_ROOT}/Target Support Files/Pods-Instagram/Pods-Instagram-frameworks-${CONFIGURATION}-output-files.xcfilelist",
			);
			runOnlyForDeploymentPostprocessing = 0;
			shellPath = /bin/sh;
			shellScript = "\"${PODS_ROOT}/Target Support Files/Pods-Instagram/Pods-Instagram-frameworks.sh\"\n";
			showEnvVarsInLog = 0;
		};
		503930ABD39B957C29AA29DE /* [CP] Embed Pods Frameworks */ = {
			isa = PBXShellScriptBuildPhase;
			buildActionMask = 2147483647;
			files = (
			);
			inputFileListPaths = (
				"${PODS_ROOT}/Target Support Files/Pods-Instagram-InstagramUITests/Pods-Instagram-InstagramUITests-frameworks-${CONFIGURATION}-input-files.xcfilelist",
			);
			name = "[CP] Embed Pods Frameworks";
			outputFileListPaths = (
				"${PODS_ROOT}/Target Support Files/Pods-Instagram-InstagramUITests/Pods-Instagram-InstagramUITests-frameworks-${CONFIGURATION}-output-files.xcfilelist",
			);
			runOnlyForDeploymentPostprocessing = 0;
			shellPath = /bin/sh;
			shellScript = "\"${PODS_ROOT}/Target Support Files/Pods-Instagram-InstagramUITests/Pods-Instagram-InstagramUITests-frameworks.sh\"\n";
			showEnvVarsInLog = 0;
		};
		C871D2189F77A63E2A6B7379 /* [CP] Check Pods Manifest.lock */ = {
			isa = PBXShellScriptBuildPhase;
			buildActionMask = 2147483647;
			files = (
			);
			inputFileListPaths = (
			);
			inputPaths = (
				"${PODS_PODFILE_DIR_PATH}/Podfile.lock",
				"${PODS_ROOT}/Manifest.lock",
			);
			name = "[CP] Check Pods Manifest.lock";
			outputFileListPaths = (
			);
			outputPaths = (
				"$(DERIVED_FILE_DIR)/Pods-InstagramTests-checkManifestLockResult.txt",
			);
			runOnlyForDeploymentPostprocessing = 0;
			shellPath = /bin/sh;
			shellScript = "diff \"${PODS_PODFILE_DIR_PATH}/Podfile.lock\" \"${PODS_ROOT}/Manifest.lock\" > /dev/null\nif [ $? != 0 ] ; then\n    # print error to STDERR\n    echo \"error: The sandbox is not in sync with the Podfile.lock. Run 'pod install' or update your CocoaPods installation.\" >&2\n    exit 1\nfi\n# This output is used by Xcode 'outputs' to avoid re-running this script phase.\necho \"SUCCESS\" > \"${SCRIPT_OUTPUT_FILE_0}\"\n";
			showEnvVarsInLog = 0;
		};
		DB05D1B65D67DF51D88B1B5F /* [CP] Check Pods Manifest.lock */ = {
			isa = PBXShellScriptBuildPhase;
			buildActionMask = 2147483647;
			files = (
			);
			inputFileListPaths = (
			);
			inputPaths = (
				"${PODS_PODFILE_DIR_PATH}/Podfile.lock",
				"${PODS_ROOT}/Manifest.lock",
			);
			name = "[CP] Check Pods Manifest.lock";
			outputFileListPaths = (
			);
			outputPaths = (
				"$(DERIVED_FILE_DIR)/Pods-Instagram-checkManifestLockResult.txt",
			);
			runOnlyForDeploymentPostprocessing = 0;
			shellPath = /bin/sh;
			shellScript = "diff \"${PODS_PODFILE_DIR_PATH}/Podfile.lock\" \"${PODS_ROOT}/Manifest.lock\" > /dev/null\nif [ $? != 0 ] ; then\n    # print error to STDERR\n    echo \"error: The sandbox is not in sync with the Podfile.lock. Run 'pod install' or update your CocoaPods installation.\" >&2\n    exit 1\nfi\n# This output is used by Xcode 'outputs' to avoid re-running this script phase.\necho \"SUCCESS\" > \"${SCRIPT_OUTPUT_FILE_0}\"\n";
			showEnvVarsInLog = 0;
		};
/* End PBXShellScriptBuildPhase section */

/* Begin PBXSourcesBuildPhase section */
		63BA5D7F256216280048F749 /* Sources */ = {
			isa = PBXSourcesBuildPhase;
			buildActionMask = 2147483647;
			files = (
				63018B9425622A9300DCA132 /* LoginViewController.swift in Sources */,
				63018BA12562616400DCA132 /* CameraViewController.swift in Sources */,
				63BA5D87256216280048F749 /* AppDelegate.swift in Sources */,
				63018B9925622A9E00DCA132 /* FeedViewController.swift in Sources */,
				63BA5D89256216280048F749 /* SceneDelegate.swift in Sources */,
				63018BB1256273C900DCA132 /* PostCell.swift in Sources */,
				63C440C3256B9EED00CBE75A /* CommentCell.swift in Sources */,
			);
			runOnlyForDeploymentPostprocessing = 0;
		};
		63BA5D95256216290048F749 /* Sources */ = {
			isa = PBXSourcesBuildPhase;
			buildActionMask = 2147483647;
			files = (
				63BA5D9E256216290048F749 /* Parstagram_CodePathTests.swift in Sources */,
			);
			runOnlyForDeploymentPostprocessing = 0;
		};
		63BA5DA0256216290048F749 /* Sources */ = {
			isa = PBXSourcesBuildPhase;
			buildActionMask = 2147483647;
			files = (
				63BA5DA9256216290048F749 /* Parstagram_CodePathUITests.swift in Sources */,
			);
			runOnlyForDeploymentPostprocessing = 0;
		};
/* End PBXSourcesBuildPhase section */

/* Begin PBXTargetDependency section */
		63BA5D9B256216290048F749 /* PBXTargetDependency */ = {
			isa = PBXTargetDependency;
			target = 63BA5D82256216280048F749 /* Instagram */;
			targetProxy = 63BA5D9A256216290048F749 /* PBXContainerItemProxy */;
		};
		63BA5DA6256216290048F749 /* PBXTargetDependency */ = {
			isa = PBXTargetDependency;
			target = 63BA5D82256216280048F749 /* Instagram */;
			targetProxy = 63BA5DA5256216290048F749 /* PBXContainerItemProxy */;
		};
/* End PBXTargetDependency section */

/* Begin PBXVariantGroup section */
		63BA5D8C256216280048F749 /* Main.storyboard */ = {
			isa = PBXVariantGroup;
			children = (
				63BA5D8D256216280048F749 /* Base */,
			);
			name = Main.storyboard;
			sourceTree = "<group>";
		};
		63BA5D91256216290048F749 /* LaunchScreen.storyboard */ = {
			isa = PBXVariantGroup;
			children = (
				63BA5D92256216290048F749 /* Base */,
			);
			name = LaunchScreen.storyboard;
			sourceTree = "<group>";
		};
/* End PBXVariantGroup section */

/* Begin XCBuildConfiguration section */
		63BA5DAB256216290048F749 /* Debug */ = {
			isa = XCBuildConfiguration;
			buildSettings = {
				ALWAYS_SEARCH_USER_PATHS = NO;
				CLANG_ANALYZER_NONNULL = YES;
				CLANG_ANALYZER_NUMBER_OBJECT_CONVERSION = YES_AGGRESSIVE;
				CLANG_CXX_LANGUAGE_STANDARD = "gnu++14";
				CLANG_CXX_LIBRARY = "libc++";
				CLANG_ENABLE_MODULES = YES;
				CLANG_ENABLE_OBJC_ARC = YES;
				CLANG_ENABLE_OBJC_WEAK = YES;
				CLANG_WARN_BLOCK_CAPTURE_AUTORELEASING = YES;
				CLANG_WARN_BOOL_CONVERSION = YES;
				CLANG_WARN_COMMA = YES;
				CLANG_WARN_CONSTANT_CONVERSION = YES;
				CLANG_WARN_DEPRECATED_OBJC_IMPLEMENTATIONS = YES;
				CLANG_WARN_DIRECT_OBJC_ISA_USAGE = YES_ERROR;
				CLANG_WARN_DOCUMENTATION_COMMENTS = YES;
				CLANG_WARN_EMPTY_BODY = YES;
				CLANG_WARN_ENUM_CONVERSION = YES;
				CLANG_WARN_INFINITE_RECURSION = YES;
				CLANG_WARN_INT_CONVERSION = YES;
				CLANG_WARN_NON_LITERAL_NULL_CONVERSION = YES;
				CLANG_WARN_OBJC_IMPLICIT_RETAIN_SELF = YES;
				CLANG_WARN_OBJC_LITERAL_CONVERSION = YES;
				CLANG_WARN_OBJC_ROOT_CLASS = YES_ERROR;
				CLANG_WARN_QUOTED_INCLUDE_IN_FRAMEWORK_HEADER = YES;
				CLANG_WARN_RANGE_LOOP_ANALYSIS = YES;
				CLANG_WARN_STRICT_PROTOTYPES = YES;
				CLANG_WARN_SUSPICIOUS_MOVE = YES;
				CLANG_WARN_UNGUARDED_AVAILABILITY = YES_AGGRESSIVE;
				CLANG_WARN_UNREACHABLE_CODE = YES;
				CLANG_WARN__DUPLICATE_METHOD_MATCH = YES;
				COPY_PHASE_STRIP = NO;
				DEBUG_INFORMATION_FORMAT = dwarf;
				ENABLE_STRICT_OBJC_MSGSEND = YES;
				ENABLE_TESTABILITY = YES;
				GCC_C_LANGUAGE_STANDARD = gnu11;
				GCC_DYNAMIC_NO_PIC = NO;
				GCC_NO_COMMON_BLOCKS = YES;
				GCC_OPTIMIZATION_LEVEL = 0;
				GCC_PREPROCESSOR_DEFINITIONS = (
					"DEBUG=1",
					"$(inherited)",
				);
				GCC_WARN_64_TO_32_BIT_CONVERSION = YES;
				GCC_WARN_ABOUT_RETURN_TYPE = YES_ERROR;
				GCC_WARN_UNDECLARED_SELECTOR = YES;
				GCC_WARN_UNINITIALIZED_AUTOS = YES_AGGRESSIVE;
				GCC_WARN_UNUSED_FUNCTION = YES;
				GCC_WARN_UNUSED_VARIABLE = YES;
				IPHONEOS_DEPLOYMENT_TARGET = 14.2;
				MTL_ENABLE_DEBUG_INFO = INCLUDE_SOURCE;
				MTL_FAST_MATH = YES;
				ONLY_ACTIVE_ARCH = YES;
				SDKROOT = iphoneos;
				SWIFT_ACTIVE_COMPILATION_CONDITIONS = DEBUG;
				SWIFT_OPTIMIZATION_LEVEL = "-Onone";
			};
			name = Debug;
		};
		63BA5DAC256216290048F749 /* Release */ = {
			isa = XCBuildConfiguration;
			buildSettings = {
				ALWAYS_SEARCH_USER_PATHS = NO;
				CLANG_ANALYZER_NONNULL = YES;
				CLANG_ANALYZER_NUMBER_OBJECT_CONVERSION = YES_AGGRESSIVE;
				CLANG_CXX_LANGUAGE_STANDARD = "gnu++14";
				CLANG_CXX_LIBRARY = "libc++";
				CLANG_ENABLE_MODULES = YES;
				CLANG_ENABLE_OBJC_ARC = YES;
				CLANG_ENABLE_OBJC_WEAK = YES;
				CLANG_WARN_BLOCK_CAPTURE_AUTORELEASING = YES;
				CLANG_WARN_BOOL_CONVERSION = YES;
				CLANG_WARN_COMMA = YES;
				CLANG_WARN_CONSTANT_CONVERSION = YES;
				CLANG_WARN_DEPRECATED_OBJC_IMPLEMENTATIONS = YES;
				CLANG_WARN_DIRECT_OBJC_ISA_USAGE = YES_ERROR;
				CLANG_WARN_DOCUMENTATION_COMMENTS = YES;
				CLANG_WARN_EMPTY_BODY = YES;
				CLANG_WARN_ENUM_CONVERSION = YES;
				CLANG_WARN_INFINITE_RECURSION = YES;
				CLANG_WARN_INT_CONVERSION = YES;
				CLANG_WARN_NON_LITERAL_NULL_CONVERSION = YES;
				CLANG_WARN_OBJC_IMPLICIT_RETAIN_SELF = YES;
				CLANG_WARN_OBJC_LITERAL_CONVERSION = YES;
				CLANG_WARN_OBJC_ROOT_CLASS = YES_ERROR;
				CLANG_WARN_QUOTED_INCLUDE_IN_FRAMEWORK_HEADER = YES;
				CLANG_WARN_RANGE_LOOP_ANALYSIS = YES;
				CLANG_WARN_STRICT_PROTOTYPES = YES;
				CLANG_WARN_SUSPICIOUS_MOVE = YES;
				CLANG_WARN_UNGUARDED_AVAILABILITY = YES_AGGRESSIVE;
				CLANG_WARN_UNREACHABLE_CODE = YES;
				CLANG_WARN__DUPLICATE_METHOD_MATCH = YES;
				COPY_PHASE_STRIP = NO;
				DEBUG_INFORMATION_FORMAT = "dwarf-with-dsym";
				ENABLE_NS_ASSERTIONS = NO;
				ENABLE_STRICT_OBJC_MSGSEND = YES;
				GCC_C_LANGUAGE_STANDARD = gnu11;
				GCC_NO_COMMON_BLOCKS = YES;
				GCC_WARN_64_TO_32_BIT_CONVERSION = YES;
				GCC_WARN_ABOUT_RETURN_TYPE = YES_ERROR;
				GCC_WARN_UNDECLARED_SELECTOR = YES;
				GCC_WARN_UNINITIALIZED_AUTOS = YES_AGGRESSIVE;
				GCC_WARN_UNUSED_FUNCTION = YES;
				GCC_WARN_UNUSED_VARIABLE = YES;
				IPHONEOS_DEPLOYMENT_TARGET = 14.2;
				MTL_ENABLE_DEBUG_INFO = NO;
				MTL_FAST_MATH = YES;
				SDKROOT = iphoneos;
				SWIFT_COMPILATION_MODE = wholemodule;
				SWIFT_OPTIMIZATION_LEVEL = "-O";
				VALIDATE_PRODUCT = YES;
			};
			name = Release;
		};
		63BA5DAE256216290048F749 /* Debug */ = {
			isa = XCBuildConfiguration;
			baseConfigurationReference = E291168170BA067CC3B6B0C4 /* Pods-Instagram.debug.xcconfig */;
			buildSettings = {
				ASSETCATALOG_COMPILER_APPICON_NAME = AppIcon;
				ASSETCATALOG_COMPILER_GLOBAL_ACCENT_COLOR_NAME = AccentColor;
				CODE_SIGN_STYLE = Automatic;
				DEVELOPMENT_TEAM = QCMVFNVMJH;
				INFOPLIST_FILE = "$(SRCROOT)/Instagram/Info.plist";
				LD_RUNPATH_SEARCH_PATHS = (
					"$(inherited)",
					"@executable_path/Frameworks",
				);
				PRODUCT_BUNDLE_IDENTIFIER = "jonzamora.Parstagram-CodePath";
				PRODUCT_NAME = "$(TARGET_NAME)";
				SWIFT_VERSION = 5.0;
				TARGETED_DEVICE_FAMILY = "1,2";
			};
			name = Debug;
		};
		63BA5DAF256216290048F749 /* Release */ = {
			isa = XCBuildConfiguration;
			baseConfigurationReference = 108162741E53F1D5464FFBC5 /* Pods-Instagram.release.xcconfig */;
			buildSettings = {
				ASSETCATALOG_COMPILER_APPICON_NAME = AppIcon;
				ASSETCATALOG_COMPILER_GLOBAL_ACCENT_COLOR_NAME = AccentColor;
				CODE_SIGN_STYLE = Automatic;
				DEVELOPMENT_TEAM = QCMVFNVMJH;
				INFOPLIST_FILE = "$(SRCROOT)/Instagram/Info.plist";
				LD_RUNPATH_SEARCH_PATHS = (
					"$(inherited)",
					"@executable_path/Frameworks",
				);
				PRODUCT_BUNDLE_IDENTIFIER = "jonzamora.Parstagram-CodePath";
				PRODUCT_NAME = "$(TARGET_NAME)";
				SWIFT_VERSION = 5.0;
				TARGETED_DEVICE_FAMILY = "1,2";
			};
			name = Release;
		};
		63BA5DB1256216290048F749 /* Debug */ = {
			isa = XCBuildConfiguration;
			baseConfigurationReference = D9AB413FED16841B18C40063 /* Pods-InstagramTests.debug.xcconfig */;
			buildSettings = {
				ALWAYS_EMBED_SWIFT_STANDARD_LIBRARIES = YES;
				BUNDLE_LOADER = "$(TEST_HOST)";
				CODE_SIGN_STYLE = Automatic;
				DEVELOPMENT_TEAM = QCMVFNVMJH;
				INFOPLIST_FILE = "Parstagram-CodePathTests/Info.plist";
				IPHONEOS_DEPLOYMENT_TARGET = 14.2;
				LD_RUNPATH_SEARCH_PATHS = (
					"$(inherited)",
					"@executable_path/Frameworks",
					"@loader_path/Frameworks",
				);
				PRODUCT_BUNDLE_IDENTIFIER = "jonzamora.Parstagram-CodePathTests";
				PRODUCT_NAME = "$(TARGET_NAME)";
				SWIFT_VERSION = 5.0;
				TARGETED_DEVICE_FAMILY = "1,2";
				TEST_HOST = "$(BUILT_PRODUCTS_DIR)/Instagram.app/Instagram";
			};
			name = Debug;
		};
		63BA5DB2256216290048F749 /* Release */ = {
			isa = XCBuildConfiguration;
			baseConfigurationReference = 3D2F2D36E93ECB01160268A1 /* Pods-InstagramTests.release.xcconfig */;
			buildSettings = {
				ALWAYS_EMBED_SWIFT_STANDARD_LIBRARIES = YES;
				BUNDLE_LOADER = "$(TEST_HOST)";
				CODE_SIGN_STYLE = Automatic;
				DEVELOPMENT_TEAM = QCMVFNVMJH;
				INFOPLIST_FILE = "Parstagram-CodePathTests/Info.plist";
				IPHONEOS_DEPLOYMENT_TARGET = 14.2;
				LD_RUNPATH_SEARCH_PATHS = (
					"$(inherited)",
					"@executable_path/Frameworks",
					"@loader_path/Frameworks",
				);
				PRODUCT_BUNDLE_IDENTIFIER = "jonzamora.Parstagram-CodePathTests";
				PRODUCT_NAME = "$(TARGET_NAME)";
				SWIFT_VERSION = 5.0;
				TARGETED_DEVICE_FAMILY = "1,2";
				TEST_HOST = "$(BUILT_PRODUCTS_DIR)/Instagram.app/Instagram";
			};
			name = Release;
		};
		63BA5DB4256216290048F749 /* Debug */ = {
			isa = XCBuildConfiguration;
			baseConfigurationReference = D0A739D6A22C1239D1C7E346 /* Pods-Instagram-InstagramUITests.debug.xcconfig */;
			buildSettings = {
				ALWAYS_EMBED_SWIFT_STANDARD_LIBRARIES = YES;
				CODE_SIGN_STYLE = Automatic;
				DEVELOPMENT_TEAM = QCMVFNVMJH;
				INFOPLIST_FILE = "Parstagram-CodePathUITests/Info.plist";
				LD_RUNPATH_SEARCH_PATHS = (
					"$(inherited)",
					"@executable_path/Frameworks",
					"@loader_path/Frameworks",
				);
				PRODUCT_BUNDLE_IDENTIFIER = "jonzamora.Parstagram-CodePathUITests";
				PRODUCT_NAME = "$(TARGET_NAME)";
				SWIFT_VERSION = 5.0;
				TARGETED_DEVICE_FAMILY = "1,2";
				TEST_TARGET_NAME = "Parstagram-CodePath";
			};
			name = Debug;
		};
		63BA5DB5256216290048F749 /* Release */ = {
			isa = XCBuildConfiguration;
			baseConfigurationReference = FA66F4C21BBEE380F81323F9 /* Pods-Instagram-InstagramUITests.release.xcconfig */;
			buildSettings = {
				ALWAYS_EMBED_SWIFT_STANDARD_LIBRARIES = YES;
				CODE_SIGN_STYLE = Automatic;
				DEVELOPMENT_TEAM = QCMVFNVMJH;
				INFOPLIST_FILE = "Parstagram-CodePathUITests/Info.plist";
				LD_RUNPATH_SEARCH_PATHS = (
					"$(inherited)",
					"@executable_path/Frameworks",
					"@loader_path/Frameworks",
				);
				PRODUCT_BUNDLE_IDENTIFIER = "jonzamora.Parstagram-CodePathUITests";
				PRODUCT_NAME = "$(TARGET_NAME)";
				SWIFT_VERSION = 5.0;
				TARGETED_DEVICE_FAMILY = "1,2";
				TEST_TARGET_NAME = "Parstagram-CodePath";
			};
			name = Release;
		};
/* End XCBuildConfiguration section */

/* Begin XCConfigurationList section */
		63BA5D7E256216280048F749 /* Build configuration list for PBXProject "Instagram" */ = {
			isa = XCConfigurationList;
			buildConfigurations = (
				63BA5DAB256216290048F749 /* Debug */,
				63BA5DAC256216290048F749 /* Release */,
			);
			defaultConfigurationIsVisible = 0;
			defaultConfigurationName = Release;
		};
		63BA5DAD256216290048F749 /* Build configuration list for PBXNativeTarget "Instagram" */ = {
			isa = XCConfigurationList;
			buildConfigurations = (
				63BA5DAE256216290048F749 /* Debug */,
				63BA5DAF256216290048F749 /* Release */,
			);
			defaultConfigurationIsVisible = 0;
			defaultConfigurationName = Release;
		};
		63BA5DB0256216290048F749 /* Build configuration list for PBXNativeTarget "InstagramTests" */ = {
			isa = XCConfigurationList;
			buildConfigurations = (
				63BA5DB1256216290048F749 /* Debug */,
				63BA5DB2256216290048F749 /* Release */,
			);
			defaultConfigurationIsVisible = 0;
			defaultConfigurationName = Release;
		};
		63BA5DB3256216290048F749 /* Build configuration list for PBXNativeTarget "InstagramUITests" */ = {
			isa = XCConfigurationList;
			buildConfigurations = (
				63BA5DB4256216290048F749 /* Debug */,
				63BA5DB5256216290048F749 /* Release */,
			);
			defaultConfigurationIsVisible = 0;
			defaultConfigurationName = Release;
		};
/* End XCConfigurationList section */
	};
	rootObject = 63BA5D7B256216280048F749 /* Project object */;
}
