// !$*UTF8*$!
{
	archiveVersion = 1;
	classes = {
	};
	objectVersion = 51;
	objects = {

/* Begin PBXBuildFile section */
		3D1BE95C260556BF00892ACE /* AppDelegate.swift in Sources */ = {isa = PBXBuildFile; fileRef = 3D1BE95B260556BF00892ACE /* AppDelegate.swift */; };
		3D1BE95E260556BF00892ACE /* SceneDelegate.swift in Sources */ = {isa = PBXBuildFile; fileRef = 3D1BE95D260556BF00892ACE /* SceneDelegate.swift */; };
		3D1BE963260556BF00892ACE /* Main.storyboard in Resources */ = {isa = PBXBuildFile; fileRef = 3D1BE961260556BF00892ACE /* Main.storyboard */; };
		3D1BE965260556C200892ACE /* Assets.xcassets in Resources */ = {isa = PBXBuildFile; fileRef = 3D1BE964260556C200892ACE /* Assets.xcassets */; };
		3D1BE968260556C200892ACE /* LaunchScreen.storyboard in Resources */ = {isa = PBXBuildFile; fileRef = 3D1BE966260556C200892ACE /* LaunchScreen.storyboard */; };
		3D1BE973260556C300892ACE /* InstagramTests.swift in Sources */ = {isa = PBXBuildFile; fileRef = 3D1BE972260556C300892ACE /* InstagramTests.swift */; };
		3D1BE97E260556C300892ACE /* InstagramUITests.swift in Sources */ = {isa = PBXBuildFile; fileRef = 3D1BE97D260556C300892ACE /* InstagramUITests.swift */; };
		3DE6A219260563D100D06AEB /* FeedViewController.swift in Sources */ = {isa = PBXBuildFile; fileRef = 3DE6A218260563D100D06AEB /* FeedViewController.swift */; };
		3DE6A21E260563E100D06AEB /* LoginViewController.swift in Sources */ = {isa = PBXBuildFile; fileRef = 3DE6A21D260563E100D06AEB /* LoginViewController.swift */; };
		3DE6A22B26056C5400D06AEB /* CameraViewController.swift in Sources */ = {isa = PBXBuildFile; fileRef = 3DE6A22A26056C5400D06AEB /* CameraViewController.swift */; };
		3DFEF4222605A8DC007CC298 /* PostCell.swift in Sources */ = {isa = PBXBuildFile; fileRef = 3DFEF4212605A8DC007CC298 /* PostCell.swift */; };
		6351A5B4333255528E22391D /* Pods_InstagramTests.framework in Frameworks */ = {isa = PBXBuildFile; fileRef = DFCA97F1859AE8677D53100A /* Pods_InstagramTests.framework */; };
		87B2EB138F8D517136123B0E /* Pods_Instagram.framework in Frameworks */ = {isa = PBXBuildFile; fileRef = E4645E62B8CA2D7C1FFFFEE1 /* Pods_Instagram.framework */; };
		C2743BE87D9F4D7BBE21C9C8 /* Pods_Instagram_InstagramUITests.framework in Frameworks */ = {isa = PBXBuildFile; fileRef = 7C1BED77FA9178B6C3D2AF28 /* Pods_Instagram_InstagramUITests.framework */; };
/* End PBXBuildFile section */

/* Begin PBXContainerItemProxy section */
		3D1BE96F260556C300892ACE /* PBXContainerItemProxy */ = {
			isa = PBXContainerItemProxy;
			containerPortal = 3D1BE950260556BF00892ACE /* Project object */;
			proxyType = 1;
			remoteGlobalIDString = 3D1BE957260556BF00892ACE;
			remoteInfo = Instagram;
		};
		3D1BE97A260556C300892ACE /* PBXContainerItemProxy */ = {
			isa = PBXContainerItemProxy;
			containerPortal = 3D1BE950260556BF00892ACE /* Project object */;
			proxyType = 1;
			remoteGlobalIDString = 3D1BE957260556BF00892ACE;
			remoteInfo = Instagram;
		};
/* End PBXContainerItemProxy section */

/* Begin PBXFileReference section */
		0C2F1035AED4D6668327C527 /* Pods-Instagram.release.xcconfig */ = {isa = PBXFileReference; includeInIndex = 1; lastKnownFileType = text.xcconfig; name = "Pods-Instagram.release.xcconfig"; path = "Target Support Files/Pods-Instagram/Pods-Instagram.release.xcconfig"; sourceTree = "<group>"; };
		3D1BE958260556BF00892ACE /* Instagram.app */ = {isa = PBXFileReference; explicitFileType = wrapper.application; includeInIndex = 0; path = Instagram.app; sourceTree = BUILT_PRODUCTS_DIR; };
		3D1BE95B260556BF00892ACE /* AppDelegate.swift */ = {isa = PBXFileReference; lastKnownFileType = sourcecode.swift; path = AppDelegate.swift; sourceTree = "<group>"; };
		3D1BE95D260556BF00892ACE /* SceneDelegate.swift */ = {isa = PBXFileReference; lastKnownFileType = sourcecode.swift; path = SceneDelegate.swift; sourceTree = "<group>"; };
		3D1BE962260556BF00892ACE /* Base */ = {isa = PBXFileReference; lastKnownFileType = file.storyboard; name = Base; path = Base.lproj/Main.storyboard; sourceTree = "<group>"; };
		3D1BE964260556C200892ACE /* Assets.xcassets */ = {isa = PBXFileReference; lastKnownFileType = folder.assetcatalog; path = Assets.xcassets; sourceTree = "<group>"; };
		3D1BE967260556C200892ACE /* Base */ = {isa = PBXFileReference; lastKnownFileType = file.storyboard; name = Base; path = Base.lproj/LaunchScreen.storyboard; sourceTree = "<group>"; };
		3D1BE969260556C200892ACE /* Info.plist */ = {isa = PBXFileReference; lastKnownFileType = text.plist.xml; path = Info.plist; sourceTree = "<group>"; };
		3D1BE96E260556C300892ACE /* InstagramTests.xctest */ = {isa = PBXFileReference; explicitFileType = wrapper.cfbundle; includeInIndex = 0; path = InstagramTests.xctest; sourceTree = BUILT_PRODUCTS_DIR; };
		3D1BE972260556C300892ACE /* InstagramTests.swift */ = {isa = PBXFileReference; lastKnownFileType = sourcecode.swift; path = InstagramTests.swift; sourceTree = "<group>"; };
		3D1BE974260556C300892ACE /* Info.plist */ = {isa = PBXFileReference; lastKnownFileType = text.plist.xml; path = Info.plist; sourceTree = "<group>"; };
		3D1BE979260556C300892ACE /* InstagramUITests.xctest */ = {isa = PBXFileReference; explicitFileType = wrapper.cfbundle; includeInIndex = 0; path = InstagramUITests.xctest; sourceTree = BUILT_PRODUCTS_DIR; };
		3D1BE97D260556C300892ACE /* InstagramUITests.swift */ = {isa = PBXFileReference; lastKnownFileType = sourcecode.swift; path = InstagramUITests.swift; sourceTree = "<group>"; };
		3D1BE97F260556C300892ACE /* Info.plist */ = {isa = PBXFileReference; lastKnownFileType = text.plist.xml; path = Info.plist; sourceTree = "<group>"; };
		3DE6A218260563D100D06AEB /* FeedViewController.swift */ = {isa = PBXFileReference; lastKnownFileType = sourcecode.swift; path = FeedViewController.swift; sourceTree = "<group>"; };
		3DE6A21D260563E100D06AEB /* LoginViewController.swift */ = {isa = PBXFileReference; lastKnownFileType = sourcecode.swift; path = LoginViewController.swift; sourceTree = "<group>"; };
		3DE6A22A26056C5400D06AEB /* CameraViewController.swift */ = {isa = PBXFileReference; lastKnownFileType = sourcecode.swift; path = CameraViewController.swift; sourceTree = "<group>"; };
		3DFEF4212605A8DC007CC298 /* PostCell.swift */ = {isa = PBXFileReference; lastKnownFileType = sourcecode.swift; path = PostCell.swift; sourceTree = "<group>"; };
		571A1CA40CD74B55889BA479 /* Pods-Instagram-InstagramUITests.release.xcconfig */ = {isa = PBXFileReference; includeInIndex = 1; lastKnownFileType = text.xcconfig; name = "Pods-Instagram-InstagramUITests.release.xcconfig"; path = "Target Support Files/Pods-Instagram-InstagramUITests/Pods-Instagram-InstagramUITests.release.xcconfig"; sourceTree = "<group>"; };
		7C1BED77FA9178B6C3D2AF28 /* Pods_Instagram_InstagramUITests.framework */ = {isa = PBXFileReference; explicitFileType = wrapper.framework; includeInIndex = 0; path = Pods_Instagram_InstagramUITests.framework; sourceTree = BUILT_PRODUCTS_DIR; };
		7D753831B1A465432A6F8009 /* Pods-Instagram.debug.xcconfig */ = {isa = PBXFileReference; includeInIndex = 1; lastKnownFileType = text.xcconfig; name = "Pods-Instagram.debug.xcconfig"; path = "Target Support Files/Pods-Instagram/Pods-Instagram.debug.xcconfig"; sourceTree = "<group>"; };
		CDEB2ADFDAA9AC4868A4BCD0 /* Pods-Instagram-InstagramUITests.debug.xcconfig */ = {isa = PBXFileReference; includeInIndex = 1; lastKnownFileType = text.xcconfig; name = "Pods-Instagram-InstagramUITests.debug.xcconfig"; path = "Target Support Files/Pods-Instagram-InstagramUITests/Pods-Instagram-InstagramUITests.debug.xcconfig"; sourceTree = "<group>"; };
		D55AF49B0C640B7D6B275079 /* Pods-InstagramTests.release.xcconfig */ = {isa = PBXFileReference; includeInIndex = 1; lastKnownFileType = text.xcconfig; name = "Pods-InstagramTests.release.xcconfig"; path = "Target Support Files/Pods-InstagramTests/Pods-InstagramTests.release.xcconfig"; sourceTree = "<group>"; };
		DFCA97F1859AE8677D53100A /* Pods_InstagramTests.framework */ = {isa = PBXFileReference; explicitFileType = wrapper.framework; includeInIndex = 0; path = Pods_InstagramTests.framework; sourceTree = BUILT_PRODUCTS_DIR; };
		E4645E62B8CA2D7C1FFFFEE1 /* Pods_Instagram.framework */ = {isa = PBXFileReference; explicitFileType = wrapper.framework; includeInIndex = 0; path = Pods_Instagram.framework; sourceTree = BUILT_PRODUCTS_DIR; };
		E5D71F853A7348C8863467D8 /* Pods-InstagramTests.debug.xcconfig */ = {isa = PBXFileReference; includeInIndex = 1; lastKnownFileType = text.xcconfig; name = "Pods-InstagramTests.debug.xcconfig"; path = "Target Support Files/Pods-InstagramTests/Pods-InstagramTests.debug.xcconfig"; sourceTree = "<group>"; };
/* End PBXFileReference section */

/* Begin PBXFrameworksBuildPhase section */
		3D1BE955260556BF00892ACE /* Frameworks */ = {
			isa = PBXFrameworksBuildPhase;
			buildActionMask = 2147483647;
			files = (
				87B2EB138F8D517136123B0E /* Pods_Instagram.framework in Frameworks */,
			);
			runOnlyForDeploymentPostprocessing = 0;
		};
		3D1BE96B260556C300892ACE /* Frameworks */ = {
			isa = PBXFrameworksBuildPhase;
			buildActionMask = 2147483647;
			files = (
				6351A5B4333255528E22391D /* Pods_InstagramTests.framework in Frameworks */,
			);
			runOnlyForDeploymentPostprocessing = 0;
		};
		3D1BE976260556C300892ACE /* Frameworks */ = {
			isa = PBXFrameworksBuildPhase;
			buildActionMask = 2147483647;
			files = (
				C2743BE87D9F4D7BBE21C9C8 /* Pods_Instagram_InstagramUITests.framework in Frameworks */,
			);
			runOnlyForDeploymentPostprocessing = 0;
		};
/* End PBXFrameworksBuildPhase section */

/* Begin PBXGroup section */
		3D1BE94F260556BF00892ACE = {
			isa = PBXGroup;
			children = (
				3D1BE95A260556BF00892ACE /* Instagram */,
				3D1BE971260556C300892ACE /* InstagramTests */,
				3D1BE97C260556C300892ACE /* InstagramUITests */,
				3D1BE959260556BF00892ACE /* Products */,
				E13037222C3DE538EFE9F1B0 /* Pods */,
				7B9954AF9F62323BE74278EA /* Frameworks */,
			);
			sourceTree = "<group>";
		};
		3D1BE959260556BF00892ACE /* Products */ = {
			isa = PBXGroup;
			children = (
				3D1BE958260556BF00892ACE /* Instagram.app */,
				3D1BE96E260556C300892ACE /* InstagramTests.xctest */,
				3D1BE979260556C300892ACE /* InstagramUITests.xctest */,
			);
			name = Products;
			sourceTree = "<group>";
		};
		3D1BE95A260556BF00892ACE /* Instagram */ = {
			isa = PBXGroup;
			children = (
				3D1BE95B260556BF00892ACE /* AppDelegate.swift */,
				3D1BE95D260556BF00892ACE /* SceneDelegate.swift */,
				3D1BE961260556BF00892ACE /* Main.storyboard */,
				3DE6A22A26056C5400D06AEB /* CameraViewController.swift */,
				3DE6A218260563D100D06AEB /* FeedViewController.swift */,
				3DE6A21D260563E100D06AEB /* LoginViewController.swift */,
				3D1BE964260556C200892ACE /* Assets.xcassets */,
				3D1BE966260556C200892ACE /* LaunchScreen.storyboard */,
				3D1BE969260556C200892ACE /* Info.plist */,
				3DFEF4212605A8DC007CC298 /* PostCell.swift */,
			);
			path = Instagram;
			sourceTree = "<group>";
		};
		3D1BE971260556C300892ACE /* InstagramTests */ = {
			isa = PBXGroup;
			children = (
				3D1BE972260556C300892ACE /* InstagramTests.swift */,
				3D1BE974260556C300892ACE /* Info.plist */,
			);
			path = InstagramTests;
			sourceTree = "<group>";
		};
		3D1BE97C260556C300892ACE /* InstagramUITests */ = {
			isa = PBXGroup;
			children = (
				3D1BE97D260556C300892ACE /* InstagramUITests.swift */,
				3D1BE97F260556C300892ACE /* Info.plist */,
			);
			path = InstagramUITests;
			sourceTree = "<group>";
		};
		7B9954AF9F62323BE74278EA /* Frameworks */ = {
			isa = PBXGroup;
			children = (
				E4645E62B8CA2D7C1FFFFEE1 /* Pods_Instagram.framework */,
				7C1BED77FA9178B6C3D2AF28 /* Pods_Instagram_InstagramUITests.framework */,
				DFCA97F1859AE8677D53100A /* Pods_InstagramTests.framework */,
			);
			name = Frameworks;
			sourceTree = "<group>";
		};
		E13037222C3DE538EFE9F1B0 /* Pods */ = {
			isa = PBXGroup;
			children = (
				7D753831B1A465432A6F8009 /* Pods-Instagram.debug.xcconfig */,
				0C2F1035AED4D6668327C527 /* Pods-Instagram.release.xcconfig */,
				CDEB2ADFDAA9AC4868A4BCD0 /* Pods-Instagram-InstagramUITests.debug.xcconfig */,
				571A1CA40CD74B55889BA479 /* Pods-Instagram-InstagramUITests.release.xcconfig */,
				E5D71F853A7348C8863467D8 /* Pods-InstagramTests.debug.xcconfig */,
				D55AF49B0C640B7D6B275079 /* Pods-InstagramTests.release.xcconfig */,
			);
			path = Pods;
			sourceTree = "<group>";
		};
/* End PBXGroup section */

/* Begin PBXNativeTarget section */
		3D1BE957260556BF00892ACE /* Instagram */ = {
			isa = PBXNativeTarget;
			buildConfigurationList = 3D1BE982260556C300892ACE /* Build configuration list for PBXNativeTarget "Instagram" */;
			buildPhases = (
				222DFF8A2E35F35A6A7B8E4F /* [CP] Check Pods Manifest.lock */,
				3D1BE954260556BF00892ACE /* Sources */,
				3D1BE955260556BF00892ACE /* Frameworks */,
				3D1BE956260556BF00892ACE /* Resources */,
				7949DA3596C6BE30284ED532 /* [CP] Embed Pods Frameworks */,
			);
			buildRules = (
			);
			dependencies = (
			);
			name = Instagram;
			productName = Instagram;
			productReference = 3D1BE958260556BF00892ACE /* Instagram.app */;
			productType = "com.apple.product-type.application";
		};
		3D1BE96D260556C300892ACE /* InstagramTests */ = {
			isa = PBXNativeTarget;
			buildConfigurationList = 3D1BE985260556C300892ACE /* Build configuration list for PBXNativeTarget "InstagramTests" */;
			buildPhases = (
				87AE69E5F9C3398E5CF88EC4 /* [CP] Check Pods Manifest.lock */,
				3D1BE96A260556C300892ACE /* Sources */,
				3D1BE96B260556C300892ACE /* Frameworks */,
				3D1BE96C260556C300892ACE /* Resources */,
			);
			buildRules = (
			);
			dependencies = (
				3D1BE970260556C300892ACE /* PBXTargetDependency */,
			);
			name = InstagramTests;
			productName = InstagramTests;
			productReference = 3D1BE96E260556C300892ACE /* InstagramTests.xctest */;
			productType = "com.apple.product-type.bundle.unit-test";
		};
		3D1BE978260556C300892ACE /* InstagramUITests */ = {
			isa = PBXNativeTarget;
			buildConfigurationList = 3D1BE988260556C300892ACE /* Build configuration list for PBXNativeTarget "InstagramUITests" */;
			buildPhases = (
				3E65EB9D456A95C35FE80554 /* [CP] Check Pods Manifest.lock */,
				3D1BE975260556C300892ACE /* Sources */,
				3D1BE976260556C300892ACE /* Frameworks */,
				3D1BE977260556C300892ACE /* Resources */,
				F580D7BDA04822F18338FFD1 /* [CP] Embed Pods Frameworks */,
			);
			buildRules = (
			);
			dependencies = (
				3D1BE97B260556C300892ACE /* PBXTargetDependency */,
			);
			name = InstagramUITests;
			productName = InstagramUITests;
			productReference = 3D1BE979260556C300892ACE /* InstagramUITests.xctest */;
			productType = "com.apple.product-type.bundle.ui-testing";
		};
/* End PBXNativeTarget section */

/* Begin PBXProject section */
		3D1BE950260556BF00892ACE /* Project object */ = {
			isa = PBXProject;
			attributes = {
				LastSwiftUpdateCheck = 1240;
				LastUpgradeCheck = 1240;
				TargetAttributes = {
					3D1BE957260556BF00892ACE = {
						CreatedOnToolsVersion = 12.4;
					};
					3D1BE96D260556C300892ACE = {
						CreatedOnToolsVersion = 12.4;
						TestTargetID = 3D1BE957260556BF00892ACE;
					};
					3D1BE978260556C300892ACE = {
						CreatedOnToolsVersion = 12.4;
						TestTargetID = 3D1BE957260556BF00892ACE;
					};
				};
			};
			buildConfigurationList = 3D1BE953260556BF00892ACE /* Build configuration list for PBXProject "Instagram" */;
			compatibilityVersion = "Xcode 9.3";
			developmentRegion = en;
			hasScannedForEncodings = 0;
			knownRegions = (
				en,
				Base,
			);
			mainGroup = 3D1BE94F260556BF00892ACE;
			productRefGroup = 3D1BE959260556BF00892ACE /* Products */;
			projectDirPath = "";
			projectRoot = "";
			targets = (
				3D1BE957260556BF00892ACE /* Instagram */,
				3D1BE96D260556C300892ACE /* InstagramTests */,
				3D1BE978260556C300892ACE /* InstagramUITests */,
			);
		};
/* End PBXProject section */

/* Begin PBXResourcesBuildPhase section */
		3D1BE956260556BF00892ACE /* Resources */ = {
			isa = PBXResourcesBuildPhase;
			buildActionMask = 2147483647;
			files = (
				3D1BE968260556C200892ACE /* LaunchScreen.storyboard in Resources */,
				3D1BE965260556C200892ACE /* Assets.xcassets in Resources */,
				3D1BE963260556BF00892ACE /* Main.storyboard in Resources */,
			);
			runOnlyForDeploymentPostprocessing = 0;
		};
		3D1BE96C260556C300892ACE /* Resources */ = {
			isa = PBXResourcesBuildPhase;
			buildActionMask = 2147483647;
			files = (
			);
			runOnlyForDeploymentPostprocessing = 0;
		};
		3D1BE977260556C300892ACE /* Resources */ = {
			isa = PBXResourcesBuildPhase;
			buildActionMask = 2147483647;
			files = (
			);
			runOnlyForDeploymentPostprocessing = 0;
		};
/* End PBXResourcesBuildPhase section */

/* Begin PBXShellScriptBuildPhase section */
		222DFF8A2E35F35A6A7B8E4F /* [CP] Check Pods Manifest.lock */ = {
			isa = PBXShellScriptBuildPhase;
			buildActionMask = 2147483647;
			files = (
			);
			inputFileListPaths = (
			);
			inputPaths = (
				"${PODS_PODFILE_DIR_PATH}/Podfile.lock",
				"${PODS_ROOT}/Manifest.lock",
			);
			name = "[CP] Check Pods Manifest.lock";
			outputFileListPaths = (
			);
			outputPaths = (
				"$(DERIVED_FILE_DIR)/Pods-Instagram-checkManifestLockResult.txt",
			);
			runOnlyForDeploymentPostprocessing = 0;
			shellPath = /bin/sh;
			shellScript = "diff \"${PODS_PODFILE_DIR_PATH}/Podfile.lock\" \"${PODS_ROOT}/Manifest.lock\" > /dev/null\nif [ $? != 0 ] ; then\n    # print error to STDERR\n    echo \"error: The sandbox is not in sync with the Podfile.lock. Run 'pod install' or update your CocoaPods installation.\" >&2\n    exit 1\nfi\n# This output is used by Xcode 'outputs' to avoid re-running this script phase.\necho \"SUCCESS\" > \"${SCRIPT_OUTPUT_FILE_0}\"\n";
			showEnvVarsInLog = 0;
		};
		3E65EB9D456A95C35FE80554 /* [CP] Check Pods Manifest.lock */ = {
			isa = PBXShellScriptBuildPhase;
			buildActionMask = 2147483647;
			files = (
			);
			inputFileListPaths = (
			);
			inputPaths = (
				"${PODS_PODFILE_DIR_PATH}/Podfile.lock",
				"${PODS_ROOT}/Manifest.lock",
			);
			name = "[CP] Check Pods Manifest.lock";
			outputFileListPaths = (
			);
			outputPaths = (
				"$(DERIVED_FILE_DIR)/Pods-Instagram-InstagramUITests-checkManifestLockResult.txt",
			);
			runOnlyForDeploymentPostprocessing = 0;
			shellPath = /bin/sh;
			shellScript = "diff \"${PODS_PODFILE_DIR_PATH}/Podfile.lock\" \"${PODS_ROOT}/Manifest.lock\" > /dev/null\nif [ $? != 0 ] ; then\n    # print error to STDERR\n    echo \"error: The sandbox is not in sync with the Podfile.lock. Run 'pod install' or update your CocoaPods installation.\" >&2\n    exit 1\nfi\n# This output is used by Xcode 'outputs' to avoid re-running this script phase.\necho \"SUCCESS\" > \"${SCRIPT_OUTPUT_FILE_0}\"\n";
			showEnvVarsInLog = 0;
		};
		7949DA3596C6BE30284ED532 /* [CP] Embed Pods Frameworks */ = {
			isa = PBXShellScriptBuildPhase;
			buildActionMask = 2147483647;
			files = (
			);
			inputFileListPaths = (
				"${PODS_ROOT}/Target Support Files/Pods-Instagram/Pods-Instagram-frameworks-${CONFIGURATION}-input-files.xcfilelist",
			);
			name = "[CP] Embed Pods Frameworks";
			outputFileListPaths = (
				"${PODS_ROOT}/Target Support Files/Pods-Instagram/Pods-Instagram-frameworks-${CONFIGURATION}-output-files.xcfilelist",
			);
			runOnlyForDeploymentPostprocessing = 0;
			shellPath = /bin/sh;
			shellScript = "\"${PODS_ROOT}/Target Support Files/Pods-Instagram/Pods-Instagram-frameworks.sh\"\n";
			showEnvVarsInLog = 0;
		};
		87AE69E5F9C3398E5CF88EC4 /* [CP] Check Pods Manifest.lock */ = {
			isa = PBXShellScriptBuildPhase;
			buildActionMask = 2147483647;
			files = (
			);
			inputFileListPaths = (
			);
			inputPaths = (
				"${PODS_PODFILE_DIR_PATH}/Podfile.lock",
				"${PODS_ROOT}/Manifest.lock",
			);
			name = "[CP] Check Pods Manifest.lock";
			outputFileListPaths = (
			);
			outputPaths = (
				"$(DERIVED_FILE_DIR)/Pods-InstagramTests-checkManifestLockResult.txt",
			);
			runOnlyForDeploymentPostprocessing = 0;
			shellPath = /bin/sh;
			shellScript = "diff \"${PODS_PODFILE_DIR_PATH}/Podfile.lock\" \"${PODS_ROOT}/Manifest.lock\" > /dev/null\nif [ $? != 0 ] ; then\n    # print error to STDERR\n    echo \"error: The sandbox is not in sync with the Podfile.lock. Run 'pod install' or update your CocoaPods installation.\" >&2\n    exit 1\nfi\n# This output is used by Xcode 'outputs' to avoid re-running this script phase.\necho \"SUCCESS\" > \"${SCRIPT_OUTPUT_FILE_0}\"\n";
			showEnvVarsInLog = 0;
		};
		F580D7BDA04822F18338FFD1 /* [CP] Embed Pods Frameworks */ = {
			isa = PBXShellScriptBuildPhase;
			buildActionMask = 2147483647;
			files = (
			);
			inputFileListPaths = (
				"${PODS_ROOT}/Target Support Files/Pods-Instagram-InstagramUITests/Pods-Instagram-InstagramUITests-frameworks-${CONFIGURATION}-input-files.xcfilelist",
			);
			name = "[CP] Embed Pods Frameworks";
			outputFileListPaths = (
				"${PODS_ROOT}/Target Support Files/Pods-Instagram-InstagramUITests/Pods-Instagram-InstagramUITests-frameworks-${CONFIGURATION}-output-files.xcfilelist",
			);
			runOnlyForDeploymentPostprocessing = 0;
			shellPath = /bin/sh;
			shellScript = "\"${PODS_ROOT}/Target Support Files/Pods-Instagram-InstagramUITests/Pods-Instagram-InstagramUITests-frameworks.sh\"\n";
			showEnvVarsInLog = 0;
		};
/* End PBXShellScriptBuildPhase section */

/* Begin PBXSourcesBuildPhase section */
		3D1BE954260556BF00892ACE /* Sources */ = {
			isa = PBXSourcesBuildPhase;
			buildActionMask = 2147483647;
			files = (
				3DE6A21E260563E100D06AEB /* LoginViewController.swift in Sources */,
				3DE6A22B26056C5400D06AEB /* CameraViewController.swift in Sources */,
				3D1BE95C260556BF00892ACE /* AppDelegate.swift in Sources */,
				3DE6A219260563D100D06AEB /* FeedViewController.swift in Sources */,
				3D1BE95E260556BF00892ACE /* SceneDelegate.swift in Sources */,
				3DFEF4222605A8DC007CC298 /* PostCell.swift in Sources */,
			);
			runOnlyForDeploymentPostprocessing = 0;
		};
		3D1BE96A260556C300892ACE /* Sources */ = {
			isa = PBXSourcesBuildPhase;
			buildActionMask = 2147483647;
			files = (
				3D1BE973260556C300892ACE /* InstagramTests.swift in Sources */,
			);
			runOnlyForDeploymentPostprocessing = 0;
		};
		3D1BE975260556C300892ACE /* Sources */ = {
			isa = PBXSourcesBuildPhase;
			buildActionMask = 2147483647;
			files = (
				3D1BE97E260556C300892ACE /* InstagramUITests.swift in Sources */,
			);
			runOnlyForDeploymentPostprocessing = 0;
		};
/* End PBXSourcesBuildPhase section */

/* Begin PBXTargetDependency section */
		3D1BE970260556C300892ACE /* PBXTargetDependency */ = {
			isa = PBXTargetDependency;
			target = 3D1BE957260556BF00892ACE /* Instagram */;
			targetProxy = 3D1BE96F260556C300892ACE /* PBXContainerItemProxy */;
		};
		3D1BE97B260556C300892ACE /* PBXTargetDependency */ = {
			isa = PBXTargetDependency;
			target = 3D1BE957260556BF00892ACE /* Instagram */;
			targetProxy = 3D1BE97A260556C300892ACE /* PBXContainerItemProxy */;
		};
/* End PBXTargetDependency section */

/* Begin PBXVariantGroup section */
		3D1BE961260556BF00892ACE /* Main.storyboard */ = {
			isa = PBXVariantGroup;
			children = (
				3D1BE962260556BF00892ACE /* Base */,
			);
			name = Main.storyboard;
			sourceTree = "<group>";
		};
		3D1BE966260556C200892ACE /* LaunchScreen.storyboard */ = {
			isa = PBXVariantGroup;
			children = (
				3D1BE967260556C200892ACE /* Base */,
			);
			name = LaunchScreen.storyboard;
			sourceTree = "<group>";
		};
/* End PBXVariantGroup section */

/* Begin XCBuildConfiguration section */
		3D1BE980260556C300892ACE /* Debug */ = {
			isa = XCBuildConfiguration;
			buildSettings = {
				ALWAYS_SEARCH_USER_PATHS = NO;
				CLANG_ANALYZER_NONNULL = YES;
				CLANG_ANALYZER_NUMBER_OBJECT_CONVERSION = YES_AGGRESSIVE;
				CLANG_CXX_LANGUAGE_STANDARD = "gnu++14";
				CLANG_CXX_LIBRARY = "libc++";
				CLANG_ENABLE_MODULES = YES;
				CLANG_ENABLE_OBJC_ARC = YES;
				CLANG_ENABLE_OBJC_WEAK = YES;
				CLANG_WARN_BLOCK_CAPTURE_AUTORELEASING = YES;
				CLANG_WARN_BOOL_CONVERSION = YES;
				CLANG_WARN_COMMA = YES;
				CLANG_WARN_CONSTANT_CONVERSION = YES;
				CLANG_WARN_DEPRECATED_OBJC_IMPLEMENTATIONS = YES;
				CLANG_WARN_DIRECT_OBJC_ISA_USAGE = YES_ERROR;
				CLANG_WARN_DOCUMENTATION_COMMENTS = YES;
				CLANG_WARN_EMPTY_BODY = YES;
				CLANG_WARN_ENUM_CONVERSION = YES;
				CLANG_WARN_INFINITE_RECURSION = YES;
				CLANG_WARN_INT_CONVERSION = YES;
				CLANG_WARN_NON_LITERAL_NULL_CONVERSION = YES;
				CLANG_WARN_OBJC_IMPLICIT_RETAIN_SELF = YES;
				CLANG_WARN_OBJC_LITERAL_CONVERSION = YES;
				CLANG_WARN_OBJC_ROOT_CLASS = YES_ERROR;
				CLANG_WARN_QUOTED_INCLUDE_IN_FRAMEWORK_HEADER = YES;
				CLANG_WARN_RANGE_LOOP_ANALYSIS = YES;
				CLANG_WARN_STRICT_PROTOTYPES = YES;
				CLANG_WARN_SUSPICIOUS_MOVE = YES;
				CLANG_WARN_UNGUARDED_AVAILABILITY = YES_AGGRESSIVE;
				CLANG_WARN_UNREACHABLE_CODE = YES;
				CLANG_WARN__DUPLICATE_METHOD_MATCH = YES;
				COPY_PHASE_STRIP = NO;
				DEBUG_INFORMATION_FORMAT = dwarf;
				ENABLE_STRICT_OBJC_MSGSEND = YES;
				ENABLE_TESTABILITY = YES;
				GCC_C_LANGUAGE_STANDARD = gnu11;
				GCC_DYNAMIC_NO_PIC = NO;
				GCC_NO_COMMON_BLOCKS = YES;
				GCC_OPTIMIZATION_LEVEL = 0;
				GCC_PREPROCESSOR_DEFINITIONS = (
					"DEBUG=1",
					"$(inherited)",
				);
				GCC_WARN_64_TO_32_BIT_CONVERSION = YES;
				GCC_WARN_ABOUT_RETURN_TYPE = YES_ERROR;
				GCC_WARN_UNDECLARED_SELECTOR = YES;
				GCC_WARN_UNINITIALIZED_AUTOS = YES_AGGRESSIVE;
				GCC_WARN_UNUSED_FUNCTION = YES;
				GCC_WARN_UNUSED_VARIABLE = YES;
				IPHONEOS_DEPLOYMENT_TARGET = 14.4;
				MTL_ENABLE_DEBUG_INFO = INCLUDE_SOURCE;
				MTL_FAST_MATH = YES;
				ONLY_ACTIVE_ARCH = YES;
				SDKROOT = iphoneos;
				SWIFT_ACTIVE_COMPILATION_CONDITIONS = DEBUG;
				SWIFT_OPTIMIZATION_LEVEL = "-Onone";
			};
			name = Debug;
		};
		3D1BE981260556C300892ACE /* Release */ = {
			isa = XCBuildConfiguration;
			buildSettings = {
				ALWAYS_SEARCH_USER_PATHS = NO;
				CLANG_ANALYZER_NONNULL = YES;
				CLANG_ANALYZER_NUMBER_OBJECT_CONVERSION = YES_AGGRESSIVE;
				CLANG_CXX_LANGUAGE_STANDARD = "gnu++14";
				CLANG_CXX_LIBRARY = "libc++";
				CLANG_ENABLE_MODULES = YES;
				CLANG_ENABLE_OBJC_ARC = YES;
				CLANG_ENABLE_OBJC_WEAK = YES;
				CLANG_WARN_BLOCK_CAPTURE_AUTORELEASING = YES;
				CLANG_WARN_BOOL_CONVERSION = YES;
				CLANG_WARN_COMMA = YES;
				CLANG_WARN_CONSTANT_CONVERSION = YES;
				CLANG_WARN_DEPRECATED_OBJC_IMPLEMENTATIONS = YES;
				CLANG_WARN_DIRECT_OBJC_ISA_USAGE = YES_ERROR;
				CLANG_WARN_DOCUMENTATION_COMMENTS = YES;
				CLANG_WARN_EMPTY_BODY = YES;
				CLANG_WARN_ENUM_CONVERSION = YES;
				CLANG_WARN_INFINITE_RECURSION = YES;
				CLANG_WARN_INT_CONVERSION = YES;
				CLANG_WARN_NON_LITERAL_NULL_CONVERSION = YES;
				CLANG_WARN_OBJC_IMPLICIT_RETAIN_SELF = YES;
				CLANG_WARN_OBJC_LITERAL_CONVERSION = YES;
				CLANG_WARN_OBJC_ROOT_CLASS = YES_ERROR;
				CLANG_WARN_QUOTED_INCLUDE_IN_FRAMEWORK_HEADER = YES;
				CLANG_WARN_RANGE_LOOP_ANALYSIS = YES;
				CLANG_WARN_STRICT_PROTOTYPES = YES;
				CLANG_WARN_SUSPICIOUS_MOVE = YES;
				CLANG_WARN_UNGUARDED_AVAILABILITY = YES_AGGRESSIVE;
				CLANG_WARN_UNREACHABLE_CODE = YES;
				CLANG_WARN__DUPLICATE_METHOD_MATCH = YES;
				COPY_PHASE_STRIP = NO;
				DEBUG_INFORMATION_FORMAT = "dwarf-with-dsym";
				ENABLE_NS_ASSERTIONS = NO;
				ENABLE_STRICT_OBJC_MSGSEND = YES;
				GCC_C_LANGUAGE_STANDARD = gnu11;
				GCC_NO_COMMON_BLOCKS = YES;
				GCC_WARN_64_TO_32_BIT_CONVERSION = YES;
				GCC_WARN_ABOUT_RETURN_TYPE = YES_ERROR;
				GCC_WARN_UNDECLARED_SELECTOR = YES;
				GCC_WARN_UNINITIALIZED_AUTOS = YES_AGGRESSIVE;
				GCC_WARN_UNUSED_FUNCTION = YES;
				GCC_WARN_UNUSED_VARIABLE = YES;
				IPHONEOS_DEPLOYMENT_TARGET = 14.4;
				MTL_ENABLE_DEBUG_INFO = NO;
				MTL_FAST_MATH = YES;
				SDKROOT = iphoneos;
				SWIFT_COMPILATION_MODE = wholemodule;
				SWIFT_OPTIMIZATION_LEVEL = "-O";
				VALIDATE_PRODUCT = YES;
			};
			name = Release;
		};
		3D1BE983260556C300892ACE /* Debug */ = {
			isa = XCBuildConfiguration;
			baseConfigurationReference = 7D753831B1A465432A6F8009 /* Pods-Instagram.debug.xcconfig */;
			buildSettings = {
				ASSETCATALOG_COMPILER_APPICON_NAME = AppIcon;
				ASSETCATALOG_COMPILER_GLOBAL_ACCENT_COLOR_NAME = AccentColor;
				CODE_SIGN_STYLE = Automatic;
				DEVELOPMENT_TEAM = K9M7PFPHU5;
				INFOPLIST_FILE = Instagram/Info.plist;
				LD_RUNPATH_SEARCH_PATHS = (
					"$(inherited)",
					"@executable_path/Frameworks",
				);
				PRODUCT_BUNDLE_IDENTIFIER = com.vedikmunukutla.Instagram;
				PRODUCT_NAME = "$(TARGET_NAME)";
				SWIFT_VERSION = 5.0;
				TARGETED_DEVICE_FAMILY = "1,2";
			};
			name = Debug;
		};
		3D1BE984260556C300892ACE /* Release */ = {
			isa = XCBuildConfiguration;
			baseConfigurationReference = 0C2F1035AED4D6668327C527 /* Pods-Instagram.release.xcconfig */;
			buildSettings = {
				ASSETCATALOG_COMPILER_APPICON_NAME = AppIcon;
				ASSETCATALOG_COMPILER_GLOBAL_ACCENT_COLOR_NAME = AccentColor;
				CODE_SIGN_STYLE = Automatic;
				DEVELOPMENT_TEAM = K9M7PFPHU5;
				INFOPLIST_FILE = Instagram/Info.plist;
				LD_RUNPATH_SEARCH_PATHS = (
					"$(inherited)",
					"@executable_path/Frameworks",
				);
				PRODUCT_BUNDLE_IDENTIFIER = com.vedikmunukutla.Instagram;
				PRODUCT_NAME = "$(TARGET_NAME)";
				SWIFT_VERSION = 5.0;
				TARGETED_DEVICE_FAMILY = "1,2";
			};
			name = Release;
		};
		3D1BE986260556C300892ACE /* Debug */ = {
			isa = XCBuildConfiguration;
			baseConfigurationReference = E5D71F853A7348C8863467D8 /* Pods-InstagramTests.debug.xcconfig */;
			buildSettings = {
				ALWAYS_EMBED_SWIFT_STANDARD_LIBRARIES = YES;
				BUNDLE_LOADER = "$(TEST_HOST)";
				CODE_SIGN_STYLE = Automatic;
				DEVELOPMENT_TEAM = K9M7PFPHU5;
				INFOPLIST_FILE = InstagramTests/Info.plist;
				IPHONEOS_DEPLOYMENT_TARGET = 14.4;
				LD_RUNPATH_SEARCH_PATHS = (
					"$(inherited)",
					"@executable_path/Frameworks",
					"@loader_path/Frameworks",
				);
				PRODUCT_BUNDLE_IDENTIFIER = com.vedikmunukutla.InstagramTests;
				PRODUCT_NAME = "$(TARGET_NAME)";
				SWIFT_VERSION = 5.0;
				TARGETED_DEVICE_FAMILY = "1,2";
				TEST_HOST = "$(BUILT_PRODUCTS_DIR)/Instagram.app/Instagram";
			};
			name = Debug;
		};
		3D1BE987260556C300892ACE /* Release */ = {
			isa = XCBuildConfiguration;
			baseConfigurationReference = D55AF49B0C640B7D6B275079 /* Pods-InstagramTests.release.xcconfig */;
			buildSettings = {
				ALWAYS_EMBED_SWIFT_STANDARD_LIBRARIES = YES;
				BUNDLE_LOADER = "$(TEST_HOST)";
				CODE_SIGN_STYLE = Automatic;
				DEVELOPMENT_TEAM = K9M7PFPHU5;
				INFOPLIST_FILE = InstagramTests/Info.plist;
				IPHONEOS_DEPLOYMENT_TARGET = 14.4;
				LD_RUNPATH_SEARCH_PATHS = (
					"$(inherited)",
					"@executable_path/Frameworks",
					"@loader_path/Frameworks",
				);
				PRODUCT_BUNDLE_IDENTIFIER = com.vedikmunukutla.InstagramTests;
				PRODUCT_NAME = "$(TARGET_NAME)";
				SWIFT_VERSION = 5.0;
				TARGETED_DEVICE_FAMILY = "1,2";
				TEST_HOST = "$(BUILT_PRODUCTS_DIR)/Instagram.app/Instagram";
			};
			name = Release;
		};
		3D1BE989260556C300892ACE /* Debug */ = {
			isa = XCBuildConfiguration;
			baseConfigurationReference = CDEB2ADFDAA9AC4868A4BCD0 /* Pods-Instagram-InstagramUITests.debug.xcconfig */;
			buildSettings = {
				ALWAYS_EMBED_SWIFT_STANDARD_LIBRARIES = YES;
				CODE_SIGN_STYLE = Automatic;
				DEVELOPMENT_TEAM = K9M7PFPHU5;
				INFOPLIST_FILE = InstagramUITests/Info.plist;
				LD_RUNPATH_SEARCH_PATHS = (
					"$(inherited)",
					"@executable_path/Frameworks",
					"@loader_path/Frameworks",
				);
				PRODUCT_BUNDLE_IDENTIFIER = com.vedikmunukutla.InstagramUITests;
				PRODUCT_NAME = "$(TARGET_NAME)";
				SWIFT_VERSION = 5.0;
				TARGETED_DEVICE_FAMILY = "1,2";
				TEST_TARGET_NAME = Instagram;
			};
			name = Debug;
		};
		3D1BE98A260556C300892ACE /* Release */ = {
			isa = XCBuildConfiguration;
			baseConfigurationReference = 571A1CA40CD74B55889BA479 /* Pods-Instagram-InstagramUITests.release.xcconfig */;
			buildSettings = {
				ALWAYS_EMBED_SWIFT_STANDARD_LIBRARIES = YES;
				CODE_SIGN_STYLE = Automatic;
				DEVELOPMENT_TEAM = K9M7PFPHU5;
				INFOPLIST_FILE = InstagramUITests/Info.plist;
				LD_RUNPATH_SEARCH_PATHS = (
					"$(inherited)",
					"@executable_path/Frameworks",
					"@loader_path/Frameworks",
				);
				PRODUCT_BUNDLE_IDENTIFIER = com.vedikmunukutla.InstagramUITests;
				PRODUCT_NAME = "$(TARGET_NAME)";
				SWIFT_VERSION = 5.0;
				TARGETED_DEVICE_FAMILY = "1,2";
				TEST_TARGET_NAME = Instagram;
			};
			name = Release;
		};
/* End XCBuildConfiguration section */

/* Begin XCConfigurationList section */
		3D1BE953260556BF00892ACE /* Build configuration list for PBXProject "Instagram" */ = {
			isa = XCConfigurationList;
			buildConfigurations = (
				3D1BE980260556C300892ACE /* Debug */,
				3D1BE981260556C300892ACE /* Release */,
			);
			defaultConfigurationIsVisible = 0;
			defaultConfigurationName = Release;
		};
		3D1BE982260556C300892ACE /* Build configuration list for PBXNativeTarget "Instagram" */ = {
			isa = XCConfigurationList;
			buildConfigurations = (
				3D1BE983260556C300892ACE /* Debug */,
				3D1BE984260556C300892ACE /* Release */,
			);
			defaultConfigurationIsVisible = 0;
			defaultConfigurationName = Release;
		};
		3D1BE985260556C300892ACE /* Build configuration list for PBXNativeTarget "InstagramTests" */ = {
			isa = XCConfigurationList;
			buildConfigurations = (
				3D1BE986260556C300892ACE /* Debug */,
				3D1BE987260556C300892ACE /* Release */,
			);
			defaultConfigurationIsVisible = 0;
			defaultConfigurationName = Release;
		};
		3D1BE988260556C300892ACE /* Build configuration list for PBXNativeTarget "InstagramUITests" */ = {
			isa = XCConfigurationList;
			buildConfigurations = (
				3D1BE989260556C300892ACE /* Debug */,
				3D1BE98A260556C300892ACE /* Release */,
			);
			defaultConfigurationIsVisible = 0;
			defaultConfigurationName = Release;
		};
/* End XCConfigurationList section */
	};
	rootObject = 3D1BE950260556BF00892ACE /* Project object */;
}
